// !$*UTF8*$!
{
	archiveVersion = 1;
	classes = {
	};
	objectVersion = 46;
	objects = {

/* Begin PBXBuildFile section */
		372FB35C15A13A17004B9C89 /* MainViewController.m in Sources */ = {isa = PBXBuildFile; fileRef = 372FB35B15A13A17004B9C89 /* MainViewController.m */; };
		372FB38D15A14097004B9C89 /* MapKit.framework in Frameworks */ = {isa = PBXBuildFile; fileRef = 372FB38C15A14097004B9C89 /* MapKit.framework */; };
		3765F2BD15A130C100E26785 /* UIKit.framework in Frameworks */ = {isa = PBXBuildFile; fileRef = 3765F2BC15A130C100E26785 /* UIKit.framework */; };
		3765F2BF15A130C100E26785 /* Foundation.framework in Frameworks */ = {isa = PBXBuildFile; fileRef = 3765F2BE15A130C100E26785 /* Foundation.framework */; };
		3765F2C115A130C100E26785 /* CoreGraphics.framework in Frameworks */ = {isa = PBXBuildFile; fileRef = 3765F2C015A130C100E26785 /* CoreGraphics.framework */; };
		3765F2C715A130C100E26785 /* InfoPlist.strings in Resources */ = {isa = PBXBuildFile; fileRef = 3765F2C515A130C100E26785 /* InfoPlist.strings */; };
		3765F2C915A130C100E26785 /* main.m in Sources */ = {isa = PBXBuildFile; fileRef = 3765F2C815A130C100E26785 /* main.m */; };
		3765F2CD15A130C100E26785 /* ParkSwapAppDelegate.m in Sources */ = {isa = PBXBuildFile; fileRef = 3765F2CC15A130C100E26785 /* ParkSwapAppDelegate.m */; };
		612BB80C15C355A6006C78CA /* BuyIcon.png in Resources */ = {isa = PBXBuildFile; fileRef = 612BB80B15C355A6006C78CA /* BuyIcon.png */; };
		612BB80E15C356D8006C78CA /* profile_icon.png in Resources */ = {isa = PBXBuildFile; fileRef = 612BB80D15C356D8006C78CA /* profile_icon.png */; };
		612BB81015C358D7006C78CA /* trolley.png in Resources */ = {isa = PBXBuildFile; fileRef = 612BB80F15C358D7006C78CA /* trolley.png */; };
		612BB81215C35C90006C78CA /* pricetag.png in Resources */ = {isa = PBXBuildFile; fileRef = 612BB81115C35C90006C78CA /* pricetag.png */; };
		B475AFC415AFC41C00A32B43 /* ASIAuthenticationDialog.m in Sources */ = {isa = PBXBuildFile; fileRef = B475AF8E15AFC41C00A32B43 /* ASIAuthenticationDialog.m */; };
		B475AFC515AFC41C00A32B43 /* ASIDataCompressor.m in Sources */ = {isa = PBXBuildFile; fileRef = B475AF9115AFC41C00A32B43 /* ASIDataCompressor.m */; };
		B475AFC615AFC41C00A32B43 /* ASIDataDecompressor.m in Sources */ = {isa = PBXBuildFile; fileRef = B475AF9315AFC41C00A32B43 /* ASIDataDecompressor.m */; };
		B475AFC715AFC41C00A32B43 /* ASIDownloadCache.m in Sources */ = {isa = PBXBuildFile; fileRef = B475AF9515AFC41C00A32B43 /* ASIDownloadCache.m */; };
		B475AFC815AFC41C00A32B43 /* ASIFormDataRequest.m in Sources */ = {isa = PBXBuildFile; fileRef = B475AF9715AFC41C00A32B43 /* ASIFormDataRequest.m */; };
		B475AFC915AFC41C00A32B43 /* ASIHTTPRequest.m in Sources */ = {isa = PBXBuildFile; fileRef = B475AF9915AFC41C00A32B43 /* ASIHTTPRequest.m */; };
		B475AFCA15AFC41C00A32B43 /* ASIInputStream.m in Sources */ = {isa = PBXBuildFile; fileRef = B475AF9D15AFC41C00A32B43 /* ASIInputStream.m */; };
		B475AFCB15AFC41C00A32B43 /* ASINetworkQueue.m in Sources */ = {isa = PBXBuildFile; fileRef = B475AF9F15AFC41C00A32B43 /* ASINetworkQueue.m */; };
		B475AFCC15AFC41C00A32B43 /* ASICloudFilesCDNRequest.m in Sources */ = {isa = PBXBuildFile; fileRef = B475AFA315AFC41C00A32B43 /* ASICloudFilesCDNRequest.m */; };
		B475AFCD15AFC41C00A32B43 /* ASICloudFilesContainer.m in Sources */ = {isa = PBXBuildFile; fileRef = B475AFA515AFC41C00A32B43 /* ASICloudFilesContainer.m */; };
		B475AFCE15AFC41C00A32B43 /* ASICloudFilesContainerRequest.m in Sources */ = {isa = PBXBuildFile; fileRef = B475AFA715AFC41C00A32B43 /* ASICloudFilesContainerRequest.m */; };
		B475AFCF15AFC41C00A32B43 /* ASICloudFilesContainerXMLParserDelegate.m in Sources */ = {isa = PBXBuildFile; fileRef = B475AFA915AFC41C00A32B43 /* ASICloudFilesContainerXMLParserDelegate.m */; };
		B475AFD015AFC41C00A32B43 /* ASICloudFilesObject.m in Sources */ = {isa = PBXBuildFile; fileRef = B475AFAB15AFC41C00A32B43 /* ASICloudFilesObject.m */; };
		B475AFD115AFC41C00A32B43 /* ASICloudFilesObjectRequest.m in Sources */ = {isa = PBXBuildFile; fileRef = B475AFAD15AFC41C00A32B43 /* ASICloudFilesObjectRequest.m */; };
		B475AFD215AFC41C00A32B43 /* ASICloudFilesRequest.m in Sources */ = {isa = PBXBuildFile; fileRef = B475AFAF15AFC41C00A32B43 /* ASICloudFilesRequest.m */; };
		B475AFD315AFC41C00A32B43 /* ASIS3Bucket.m in Sources */ = {isa = PBXBuildFile; fileRef = B475AFB315AFC41C00A32B43 /* ASIS3Bucket.m */; };
		B475AFD415AFC41C00A32B43 /* ASIS3BucketObject.m in Sources */ = {isa = PBXBuildFile; fileRef = B475AFB515AFC41C00A32B43 /* ASIS3BucketObject.m */; };
		B475AFD515AFC41C00A32B43 /* ASIS3BucketRequest.m in Sources */ = {isa = PBXBuildFile; fileRef = B475AFB715AFC41C00A32B43 /* ASIS3BucketRequest.m */; };
		B475AFD615AFC41C00A32B43 /* ASIS3ObjectRequest.m in Sources */ = {isa = PBXBuildFile; fileRef = B475AFB915AFC41C00A32B43 /* ASIS3ObjectRequest.m */; };
		B475AFD715AFC41C00A32B43 /* ASIS3Request.m in Sources */ = {isa = PBXBuildFile; fileRef = B475AFBB15AFC41C00A32B43 /* ASIS3Request.m */; };
		B475AFD815AFC41C00A32B43 /* ASIS3ServiceRequest.m in Sources */ = {isa = PBXBuildFile; fileRef = B475AFBD15AFC41C00A32B43 /* ASIS3ServiceRequest.m */; };
		B475AFD915AFC41C00A32B43 /* README-GHUnit in Resources */ = {isa = PBXBuildFile; fileRef = B475AFC015AFC41C00A32B43 /* README-GHUnit */; };
		B475AFDA15AFC41C00A32B43 /* Reachability.m in Sources */ = {isa = PBXBuildFile; fileRef = B475AFC315AFC41C00A32B43 /* Reachability.m */; };
		B47637E315AE9A140097BFFD /* JSONKit.m in Sources */ = {isa = PBXBuildFile; fileRef = B47637CB15AE9A140097BFFD /* JSONKit.m */; };
		B47637E615AE9B360097BFFD /* CFNetwork.framework in Frameworks */ = {isa = PBXBuildFile; fileRef = B47637E515AE9B360097BFFD /* CFNetwork.framework */; };
		B47637E815AE9B410097BFFD /* SystemConfiguration.framework in Frameworks */ = {isa = PBXBuildFile; fileRef = B47637E715AE9B410097BFFD /* SystemConfiguration.framework */; };
		B47637EA15AE9B4C0097BFFD /* MobileCoreServices.framework in Frameworks */ = {isa = PBXBuildFile; fileRef = B47637E915AE9B4C0097BFFD /* MobileCoreServices.framework */; };
		B47637EC15AE9B5F0097BFFD /* libz.dylib in Frameworks */ = {isa = PBXBuildFile; fileRef = B47637EB15AE9B5F0097BFFD /* libz.dylib */; };
		B48AD78C15AC07BA008A8E9B /* MapViewController.m in Sources */ = {isa = PBXBuildFile; fileRef = B48AD78B15AC07BA008A8E9B /* MapViewController.m */; };
/* End PBXBuildFile section */

/* Begin PBXFileReference section */
		372FB35A15A13A17004B9C89 /* MainViewController.h */ = {isa = PBXFileReference; fileEncoding = 4; lastKnownFileType = sourcecode.c.h; name = MainViewController.h; path = ViewControllers/MainViewController.h; sourceTree = "<group>"; };
		372FB35B15A13A17004B9C89 /* MainViewController.m */ = {isa = PBXFileReference; fileEncoding = 4; lastKnownFileType = sourcecode.c.objc; name = MainViewController.m; path = ViewControllers/MainViewController.m; sourceTree = "<group>"; };
		372FB38C15A14097004B9C89 /* MapKit.framework */ = {isa = PBXFileReference; lastKnownFileType = wrapper.framework; name = MapKit.framework; path = System/Library/Frameworks/MapKit.framework; sourceTree = SDKROOT; };
		3765F2B815A130C100E26785 /* ParkSwap.app */ = {isa = PBXFileReference; explicitFileType = wrapper.application; includeInIndex = 0; path = ParkSwap.app; sourceTree = BUILT_PRODUCTS_DIR; };
		3765F2BC15A130C100E26785 /* UIKit.framework */ = {isa = PBXFileReference; lastKnownFileType = wrapper.framework; name = UIKit.framework; path = System/Library/Frameworks/UIKit.framework; sourceTree = SDKROOT; };
		3765F2BE15A130C100E26785 /* Foundation.framework */ = {isa = PBXFileReference; lastKnownFileType = wrapper.framework; name = Foundation.framework; path = System/Library/Frameworks/Foundation.framework; sourceTree = SDKROOT; };
		3765F2C015A130C100E26785 /* CoreGraphics.framework */ = {isa = PBXFileReference; lastKnownFileType = wrapper.framework; name = CoreGraphics.framework; path = System/Library/Frameworks/CoreGraphics.framework; sourceTree = SDKROOT; };
		3765F2C415A130C100E26785 /* ParkSwap-Info.plist */ = {isa = PBXFileReference; lastKnownFileType = text.plist.xml; path = "ParkSwap-Info.plist"; sourceTree = "<group>"; };
		3765F2C615A130C100E26785 /* en */ = {isa = PBXFileReference; lastKnownFileType = text.plist.strings; name = en; path = en.lproj/InfoPlist.strings; sourceTree = "<group>"; };
		3765F2C815A130C100E26785 /* main.m */ = {isa = PBXFileReference; lastKnownFileType = sourcecode.c.objc; path = main.m; sourceTree = "<group>"; };
		3765F2CA15A130C100E26785 /* ParkSwap-Prefix.pch */ = {isa = PBXFileReference; lastKnownFileType = sourcecode.c.h; path = "ParkSwap-Prefix.pch"; sourceTree = "<group>"; };
		3765F2CB15A130C100E26785 /* ParkSwapAppDelegate.h */ = {isa = PBXFileReference; lastKnownFileType = sourcecode.c.h; path = ParkSwapAppDelegate.h; sourceTree = "<group>"; };
		3765F2CC15A130C100E26785 /* ParkSwapAppDelegate.m */ = {isa = PBXFileReference; lastKnownFileType = sourcecode.c.objc; path = ParkSwapAppDelegate.m; sourceTree = "<group>"; };
		612BB80B15C355A6006C78CA /* BuyIcon.png */ = {isa = PBXFileReference; lastKnownFileType = image.png; name = BuyIcon.png; path = Images/BuyIcon.png; sourceTree = "<group>"; };
		612BB80D15C356D8006C78CA /* profile_icon.png */ = {isa = PBXFileReference; lastKnownFileType = image.png; name = profile_icon.png; path = Images/profile_icon.png; sourceTree = "<group>"; };
		612BB80F15C358D7006C78CA /* trolley.png */ = {isa = PBXFileReference; lastKnownFileType = image.png; name = trolley.png; path = Images/trolley.png; sourceTree = "<group>"; };
		612BB81115C35C90006C78CA /* pricetag.png */ = {isa = PBXFileReference; lastKnownFileType = image.png; name = pricetag.png; path = Images/pricetag.png; sourceTree = "<group>"; };
		B475AF8D15AFC41C00A32B43 /* ASIAuthenticationDialog.h */ = {isa = PBXFileReference; fileEncoding = 4; lastKnownFileType = sourcecode.c.h; path = ASIAuthenticationDialog.h; sourceTree = "<group>"; };
		B475AF8E15AFC41C00A32B43 /* ASIAuthenticationDialog.m */ = {isa = PBXFileReference; fileEncoding = 4; lastKnownFileType = sourcecode.c.objc; path = ASIAuthenticationDialog.m; sourceTree = "<group>"; };
		B475AF8F15AFC41C00A32B43 /* ASICacheDelegate.h */ = {isa = PBXFileReference; fileEncoding = 4; lastKnownFileType = sourcecode.c.h; path = ASICacheDelegate.h; sourceTree = "<group>"; };
		B475AF9015AFC41C00A32B43 /* ASIDataCompressor.h */ = {isa = PBXFileReference; fileEncoding = 4; lastKnownFileType = sourcecode.c.h; path = ASIDataCompressor.h; sourceTree = "<group>"; };
		B475AF9115AFC41C00A32B43 /* ASIDataCompressor.m */ = {isa = PBXFileReference; fileEncoding = 4; lastKnownFileType = sourcecode.c.objc; path = ASIDataCompressor.m; sourceTree = "<group>"; };
		B475AF9215AFC41C00A32B43 /* ASIDataDecompressor.h */ = {isa = PBXFileReference; fileEncoding = 4; lastKnownFileType = sourcecode.c.h; path = ASIDataDecompressor.h; sourceTree = "<group>"; };
		B475AF9315AFC41C00A32B43 /* ASIDataDecompressor.m */ = {isa = PBXFileReference; fileEncoding = 4; lastKnownFileType = sourcecode.c.objc; path = ASIDataDecompressor.m; sourceTree = "<group>"; };
		B475AF9415AFC41C00A32B43 /* ASIDownloadCache.h */ = {isa = PBXFileReference; fileEncoding = 4; lastKnownFileType = sourcecode.c.h; path = ASIDownloadCache.h; sourceTree = "<group>"; };
		B475AF9515AFC41C00A32B43 /* ASIDownloadCache.m */ = {isa = PBXFileReference; fileEncoding = 4; lastKnownFileType = sourcecode.c.objc; path = ASIDownloadCache.m; sourceTree = "<group>"; };
		B475AF9615AFC41C00A32B43 /* ASIFormDataRequest.h */ = {isa = PBXFileReference; fileEncoding = 4; lastKnownFileType = sourcecode.c.h; path = ASIFormDataRequest.h; sourceTree = "<group>"; };
		B475AF9715AFC41C00A32B43 /* ASIFormDataRequest.m */ = {isa = PBXFileReference; fileEncoding = 4; lastKnownFileType = sourcecode.c.objc; path = ASIFormDataRequest.m; sourceTree = "<group>"; };
		B475AF9815AFC41C00A32B43 /* ASIHTTPRequest.h */ = {isa = PBXFileReference; fileEncoding = 4; lastKnownFileType = sourcecode.c.h; path = ASIHTTPRequest.h; sourceTree = "<group>"; };
		B475AF9915AFC41C00A32B43 /* ASIHTTPRequest.m */ = {isa = PBXFileReference; fileEncoding = 4; lastKnownFileType = sourcecode.c.objc; path = ASIHTTPRequest.m; sourceTree = "<group>"; };
		B475AF9A15AFC41C00A32B43 /* ASIHTTPRequestConfig.h */ = {isa = PBXFileReference; fileEncoding = 4; lastKnownFileType = sourcecode.c.h; path = ASIHTTPRequestConfig.h; sourceTree = "<group>"; };
		B475AF9B15AFC41C00A32B43 /* ASIHTTPRequestDelegate.h */ = {isa = PBXFileReference; fileEncoding = 4; lastKnownFileType = sourcecode.c.h; path = ASIHTTPRequestDelegate.h; sourceTree = "<group>"; };
		B475AF9C15AFC41C00A32B43 /* ASIInputStream.h */ = {isa = PBXFileReference; fileEncoding = 4; lastKnownFileType = sourcecode.c.h; path = ASIInputStream.h; sourceTree = "<group>"; };
		B475AF9D15AFC41C00A32B43 /* ASIInputStream.m */ = {isa = PBXFileReference; fileEncoding = 4; lastKnownFileType = sourcecode.c.objc; path = ASIInputStream.m; sourceTree = "<group>"; };
		B475AF9E15AFC41C00A32B43 /* ASINetworkQueue.h */ = {isa = PBXFileReference; fileEncoding = 4; lastKnownFileType = sourcecode.c.h; path = ASINetworkQueue.h; sourceTree = "<group>"; };
		B475AF9F15AFC41C00A32B43 /* ASINetworkQueue.m */ = {isa = PBXFileReference; fileEncoding = 4; lastKnownFileType = sourcecode.c.objc; path = ASINetworkQueue.m; sourceTree = "<group>"; };
		B475AFA015AFC41C00A32B43 /* ASIProgressDelegate.h */ = {isa = PBXFileReference; fileEncoding = 4; lastKnownFileType = sourcecode.c.h; path = ASIProgressDelegate.h; sourceTree = "<group>"; };
		B475AFA215AFC41C00A32B43 /* ASICloudFilesCDNRequest.h */ = {isa = PBXFileReference; fileEncoding = 4; lastKnownFileType = sourcecode.c.h; path = ASICloudFilesCDNRequest.h; sourceTree = "<group>"; };
		B475AFA315AFC41C00A32B43 /* ASICloudFilesCDNRequest.m */ = {isa = PBXFileReference; fileEncoding = 4; lastKnownFileType = sourcecode.c.objc; path = ASICloudFilesCDNRequest.m; sourceTree = "<group>"; };
		B475AFA415AFC41C00A32B43 /* ASICloudFilesContainer.h */ = {isa = PBXFileReference; fileEncoding = 4; lastKnownFileType = sourcecode.c.h; path = ASICloudFilesContainer.h; sourceTree = "<group>"; };
		B475AFA515AFC41C00A32B43 /* ASICloudFilesContainer.m */ = {isa = PBXFileReference; fileEncoding = 4; lastKnownFileType = sourcecode.c.objc; path = ASICloudFilesContainer.m; sourceTree = "<group>"; };
		B475AFA615AFC41C00A32B43 /* ASICloudFilesContainerRequest.h */ = {isa = PBXFileReference; fileEncoding = 4; lastKnownFileType = sourcecode.c.h; path = ASICloudFilesContainerRequest.h; sourceTree = "<group>"; };
		B475AFA715AFC41C00A32B43 /* ASICloudFilesContainerRequest.m */ = {isa = PBXFileReference; fileEncoding = 4; lastKnownFileType = sourcecode.c.objc; path = ASICloudFilesContainerRequest.m; sourceTree = "<group>"; };
		B475AFA815AFC41C00A32B43 /* ASICloudFilesContainerXMLParserDelegate.h */ = {isa = PBXFileReference; fileEncoding = 4; lastKnownFileType = sourcecode.c.h; path = ASICloudFilesContainerXMLParserDelegate.h; sourceTree = "<group>"; };
		B475AFA915AFC41C00A32B43 /* ASICloudFilesContainerXMLParserDelegate.m */ = {isa = PBXFileReference; fileEncoding = 4; lastKnownFileType = sourcecode.c.objc; path = ASICloudFilesContainerXMLParserDelegate.m; sourceTree = "<group>"; };
		B475AFAA15AFC41C00A32B43 /* ASICloudFilesObject.h */ = {isa = PBXFileReference; fileEncoding = 4; lastKnownFileType = sourcecode.c.h; path = ASICloudFilesObject.h; sourceTree = "<group>"; };
		B475AFAB15AFC41C00A32B43 /* ASICloudFilesObject.m */ = {isa = PBXFileReference; fileEncoding = 4; lastKnownFileType = sourcecode.c.objc; path = ASICloudFilesObject.m; sourceTree = "<group>"; };
		B475AFAC15AFC41C00A32B43 /* ASICloudFilesObjectRequest.h */ = {isa = PBXFileReference; fileEncoding = 4; lastKnownFileType = sourcecode.c.h; path = ASICloudFilesObjectRequest.h; sourceTree = "<group>"; };
		B475AFAD15AFC41C00A32B43 /* ASICloudFilesObjectRequest.m */ = {isa = PBXFileReference; fileEncoding = 4; lastKnownFileType = sourcecode.c.objc; path = ASICloudFilesObjectRequest.m; sourceTree = "<group>"; };
		B475AFAE15AFC41C00A32B43 /* ASICloudFilesRequest.h */ = {isa = PBXFileReference; fileEncoding = 4; lastKnownFileType = sourcecode.c.h; path = ASICloudFilesRequest.h; sourceTree = "<group>"; };
		B475AFAF15AFC41C00A32B43 /* ASICloudFilesRequest.m */ = {isa = PBXFileReference; fileEncoding = 4; lastKnownFileType = sourcecode.c.objc; path = ASICloudFilesRequest.m; sourceTree = "<group>"; };
		B475AFB115AFC41C00A32B43 /* ASINSXMLParserCompat.h */ = {isa = PBXFileReference; fileEncoding = 4; lastKnownFileType = sourcecode.c.h; path = ASINSXMLParserCompat.h; sourceTree = "<group>"; };
		B475AFB215AFC41C00A32B43 /* ASIS3Bucket.h */ = {isa = PBXFileReference; fileEncoding = 4; lastKnownFileType = sourcecode.c.h; path = ASIS3Bucket.h; sourceTree = "<group>"; };
		B475AFB315AFC41C00A32B43 /* ASIS3Bucket.m */ = {isa = PBXFileReference; fileEncoding = 4; lastKnownFileType = sourcecode.c.objc; path = ASIS3Bucket.m; sourceTree = "<group>"; };
		B475AFB415AFC41C00A32B43 /* ASIS3BucketObject.h */ = {isa = PBXFileReference; fileEncoding = 4; lastKnownFileType = sourcecode.c.h; path = ASIS3BucketObject.h; sourceTree = "<group>"; };
		B475AFB515AFC41C00A32B43 /* ASIS3BucketObject.m */ = {isa = PBXFileReference; fileEncoding = 4; lastKnownFileType = sourcecode.c.objc; path = ASIS3BucketObject.m; sourceTree = "<group>"; };
		B475AFB615AFC41C00A32B43 /* ASIS3BucketRequest.h */ = {isa = PBXFileReference; fileEncoding = 4; lastKnownFileType = sourcecode.c.h; path = ASIS3BucketRequest.h; sourceTree = "<group>"; };
		B475AFB715AFC41C00A32B43 /* ASIS3BucketRequest.m */ = {isa = PBXFileReference; fileEncoding = 4; lastKnownFileType = sourcecode.c.objc; path = ASIS3BucketRequest.m; sourceTree = "<group>"; };
		B475AFB815AFC41C00A32B43 /* ASIS3ObjectRequest.h */ = {isa = PBXFileReference; fileEncoding = 4; lastKnownFileType = sourcecode.c.h; path = ASIS3ObjectRequest.h; sourceTree = "<group>"; };
		B475AFB915AFC41C00A32B43 /* ASIS3ObjectRequest.m */ = {isa = PBXFileReference; fileEncoding = 4; lastKnownFileType = sourcecode.c.objc; path = ASIS3ObjectRequest.m; sourceTree = "<group>"; };
		B475AFBA15AFC41C00A32B43 /* ASIS3Request.h */ = {isa = PBXFileReference; fileEncoding = 4; lastKnownFileType = sourcecode.c.h; path = ASIS3Request.h; sourceTree = "<group>"; };
		B475AFBB15AFC41C00A32B43 /* ASIS3Request.m */ = {isa = PBXFileReference; fileEncoding = 4; lastKnownFileType = sourcecode.c.objc; path = ASIS3Request.m; sourceTree = "<group>"; };
		B475AFBC15AFC41C00A32B43 /* ASIS3ServiceRequest.h */ = {isa = PBXFileReference; fileEncoding = 4; lastKnownFileType = sourcecode.c.h; path = ASIS3ServiceRequest.h; sourceTree = "<group>"; };
		B475AFBD15AFC41C00A32B43 /* ASIS3ServiceRequest.m */ = {isa = PBXFileReference; fileEncoding = 4; lastKnownFileType = sourcecode.c.objc; path = ASIS3ServiceRequest.m; sourceTree = "<group>"; };
		B475AFC015AFC41C00A32B43 /* README-GHUnit */ = {isa = PBXFileReference; fileEncoding = 4; lastKnownFileType = text; path = "README-GHUnit"; sourceTree = "<group>"; };
		B475AFC215AFC41C00A32B43 /* Reachability.h */ = {isa = PBXFileReference; fileEncoding = 4; lastKnownFileType = sourcecode.c.h; path = Reachability.h; sourceTree = "<group>"; };
		B475AFC315AFC41C00A32B43 /* Reachability.m */ = {isa = PBXFileReference; fileEncoding = 4; lastKnownFileType = sourcecode.c.objc; path = Reachability.m; sourceTree = "<group>"; };
		B47637CA15AE9A140097BFFD /* JSONKit.h */ = {isa = PBXFileReference; fileEncoding = 4; lastKnownFileType = sourcecode.c.h; path = JSONKit.h; sourceTree = "<group>"; };
		B47637CB15AE9A140097BFFD /* JSONKit.m */ = {isa = PBXFileReference; fileEncoding = 4; lastKnownFileType = sourcecode.c.objc; path = JSONKit.m; sourceTree = "<group>"; };
		B47637E515AE9B360097BFFD /* CFNetwork.framework */ = {isa = PBXFileReference; lastKnownFileType = wrapper.framework; name = CFNetwork.framework; path = System/Library/Frameworks/CFNetwork.framework; sourceTree = SDKROOT; };
		B47637E715AE9B410097BFFD /* SystemConfiguration.framework */ = {isa = PBXFileReference; lastKnownFileType = wrapper.framework; name = SystemConfiguration.framework; path = System/Library/Frameworks/SystemConfiguration.framework; sourceTree = SDKROOT; };
		B47637E915AE9B4C0097BFFD /* MobileCoreServices.framework */ = {isa = PBXFileReference; lastKnownFileType = wrapper.framework; name = MobileCoreServices.framework; path = System/Library/Frameworks/MobileCoreServices.framework; sourceTree = SDKROOT; };
		B47637EB15AE9B5F0097BFFD /* libz.dylib */ = {isa = PBXFileReference; lastKnownFileType = "compiled.mach-o.dylib"; name = libz.dylib; path = usr/lib/libz.dylib; sourceTree = SDKROOT; };
		B48AD78A15AC07BA008A8E9B /* MapViewController.h */ = {isa = PBXFileReference; fileEncoding = 4; lastKnownFileType = sourcecode.c.h; name = MapViewController.h; path = ViewControllers/MapViewController.h; sourceTree = "<group>"; };
		B48AD78B15AC07BA008A8E9B /* MapViewController.m */ = {isa = PBXFileReference; fileEncoding = 4; lastKnownFileType = sourcecode.c.objc; name = MapViewController.m; path = ViewControllers/MapViewController.m; sourceTree = "<group>"; };
/* End PBXFileReference section */

/* Begin PBXFrameworksBuildPhase section */
		3765F2B515A130C100E26785 /* Frameworks */ = {
			isa = PBXFrameworksBuildPhase;
			buildActionMask = 2147483647;
			files = (
				B47637EC15AE9B5F0097BFFD /* libz.dylib in Frameworks */,
				B47637EA15AE9B4C0097BFFD /* MobileCoreServices.framework in Frameworks */,
				B47637E815AE9B410097BFFD /* SystemConfiguration.framework in Frameworks */,
				B47637E615AE9B360097BFFD /* CFNetwork.framework in Frameworks */,
				372FB38D15A14097004B9C89 /* MapKit.framework in Frameworks */,
				3765F2BD15A130C100E26785 /* UIKit.framework in Frameworks */,
				3765F2BF15A130C100E26785 /* Foundation.framework in Frameworks */,
				3765F2C115A130C100E26785 /* CoreGraphics.framework in Frameworks */,
			);
			runOnlyForDeploymentPostprocessing = 0;
		};
/* End PBXFrameworksBuildPhase section */

/* Begin PBXGroup section */
		372FB35915A135B3004B9C89 /* View Controllers */ = {
			isa = PBXGroup;
			children = (
				372FB35A15A13A17004B9C89 /* MainViewController.h */,
				372FB35B15A13A17004B9C89 /* MainViewController.m */,
				B48AD78A15AC07BA008A8E9B /* MapViewController.h */,
				B48AD78B15AC07BA008A8E9B /* MapViewController.m */,
			);
			name = "View Controllers";
			sourceTree = "<group>";
		};
		3765F2AD15A130C100E26785 = {
			isa = PBXGroup;
			children = (
				3765F2C215A130C100E26785 /* ParkSwap */,
				3765F2BB15A130C100E26785 /* Frameworks */,
				3765F2B915A130C100E26785 /* Products */,
			);
			sourceTree = "<group>";
		};
		3765F2B915A130C100E26785 /* Products */ = {
			isa = PBXGroup;
			children = (
				3765F2B815A130C100E26785 /* ParkSwap.app */,
			);
			name = Products;
			sourceTree = "<group>";
		};
		3765F2BB15A130C100E26785 /* Frameworks */ = {
			isa = PBXGroup;
			children = (
				B47637EB15AE9B5F0097BFFD /* libz.dylib */,
				B47637E715AE9B410097BFFD /* SystemConfiguration.framework */,
				B47637E915AE9B4C0097BFFD /* MobileCoreServices.framework */,
				B47637E515AE9B360097BFFD /* CFNetwork.framework */,
				372FB38C15A14097004B9C89 /* MapKit.framework */,
				3765F2BC15A130C100E26785 /* UIKit.framework */,
				3765F2BE15A130C100E26785 /* Foundation.framework */,
				3765F2C015A130C100E26785 /* CoreGraphics.framework */,
			);
			name = Frameworks;
			sourceTree = "<group>";
		};
		3765F2C215A130C100E26785 /* ParkSwap */ = {
			isa = PBXGroup;
			children = (
				612BB80A15C3506A006C78CA /* Images */,
				3765F2CB15A130C100E26785 /* ParkSwapAppDelegate.h */,
				3765F2CC15A130C100E26785 /* ParkSwapAppDelegate.m */,
				B475AF8B15AFC41C00A32B43 /* ASIHttp */,
				B47637C915AE9A140097BFFD /* JSONKit */,
				372FB35915A135B3004B9C89 /* View Controllers */,
				3765F2C315A130C100E26785 /* Supporting Files */,
			);
			path = ParkSwap;
			sourceTree = "<group>";
		};
		3765F2C315A130C100E26785 /* Supporting Files */ = {
			isa = PBXGroup;
			children = (
				3765F2C415A130C100E26785 /* ParkSwap-Info.plist */,
				3765F2C515A130C100E26785 /* InfoPlist.strings */,
				3765F2C815A130C100E26785 /* main.m */,
				3765F2CA15A130C100E26785 /* ParkSwap-Prefix.pch */,
			);
			name = "Supporting Files";
			sourceTree = "<group>";
		};
		612BB80A15C3506A006C78CA /* Images */ = {
			isa = PBXGroup;
			children = (
				612BB81115C35C90006C78CA /* pricetag.png */,
				612BB80F15C358D7006C78CA /* trolley.png */,
				612BB80D15C356D8006C78CA /* profile_icon.png */,
				612BB80B15C355A6006C78CA /* BuyIcon.png */,
			);
			name = Images;
			sourceTree = "<group>";
		};
		B475AF8B15AFC41C00A32B43 /* ASIHttp */ = {
			isa = PBXGroup;
			children = (
				B475AF8C15AFC41C00A32B43 /* Classes */,
				B475AFBE15AFC41C00A32B43 /* External */,
			);
			path = ASIHttp;
			sourceTree = "<group>";
		};
		B475AF8C15AFC41C00A32B43 /* Classes */ = {
			isa = PBXGroup;
			children = (
				B475AF8D15AFC41C00A32B43 /* ASIAuthenticationDialog.h */,
				B475AF8E15AFC41C00A32B43 /* ASIAuthenticationDialog.m */,
				B475AF8F15AFC41C00A32B43 /* ASICacheDelegate.h */,
				B475AF9015AFC41C00A32B43 /* ASIDataCompressor.h */,
				B475AF9115AFC41C00A32B43 /* ASIDataCompressor.m */,
				B475AF9215AFC41C00A32B43 /* ASIDataDecompressor.h */,
				B475AF9315AFC41C00A32B43 /* ASIDataDecompressor.m */,
				B475AF9415AFC41C00A32B43 /* ASIDownloadCache.h */,
				B475AF9515AFC41C00A32B43 /* ASIDownloadCache.m */,
				B475AF9615AFC41C00A32B43 /* ASIFormDataRequest.h */,
				B475AF9715AFC41C00A32B43 /* ASIFormDataRequest.m */,
				B475AF9815AFC41C00A32B43 /* ASIHTTPRequest.h */,
				B475AF9915AFC41C00A32B43 /* ASIHTTPRequest.m */,
				B475AF9A15AFC41C00A32B43 /* ASIHTTPRequestConfig.h */,
				B475AF9B15AFC41C00A32B43 /* ASIHTTPRequestDelegate.h */,
				B475AF9C15AFC41C00A32B43 /* ASIInputStream.h */,
				B475AF9D15AFC41C00A32B43 /* ASIInputStream.m */,
				B475AF9E15AFC41C00A32B43 /* ASINetworkQueue.h */,
				B475AF9F15AFC41C00A32B43 /* ASINetworkQueue.m */,
				B475AFA015AFC41C00A32B43 /* ASIProgressDelegate.h */,
				B475AFA115AFC41C00A32B43 /* CloudFiles */,
				B475AFB015AFC41C00A32B43 /* S3 */,
			);
			path = Classes;
			sourceTree = "<group>";
		};
		B475AFA115AFC41C00A32B43 /* CloudFiles */ = {
			isa = PBXGroup;
			children = (
				B475AFA215AFC41C00A32B43 /* ASICloudFilesCDNRequest.h */,
				B475AFA315AFC41C00A32B43 /* ASICloudFilesCDNRequest.m */,
				B475AFA415AFC41C00A32B43 /* ASICloudFilesContainer.h */,
				B475AFA515AFC41C00A32B43 /* ASICloudFilesContainer.m */,
				B475AFA615AFC41C00A32B43 /* ASICloudFilesContainerRequest.h */,
				B475AFA715AFC41C00A32B43 /* ASICloudFilesContainerRequest.m */,
				B475AFA815AFC41C00A32B43 /* ASICloudFilesContainerXMLParserDelegate.h */,
				B475AFA915AFC41C00A32B43 /* ASICloudFilesContainerXMLParserDelegate.m */,
				B475AFAA15AFC41C00A32B43 /* ASICloudFilesObject.h */,
				B475AFAB15AFC41C00A32B43 /* ASICloudFilesObject.m */,
				B475AFAC15AFC41C00A32B43 /* ASICloudFilesObjectRequest.h */,
				B475AFAD15AFC41C00A32B43 /* ASICloudFilesObjectRequest.m */,
				B475AFAE15AFC41C00A32B43 /* ASICloudFilesRequest.h */,
				B475AFAF15AFC41C00A32B43 /* ASICloudFilesRequest.m */,
			);
			path = CloudFiles;
			sourceTree = "<group>";
		};
		B475AFB015AFC41C00A32B43 /* S3 */ = {
			isa = PBXGroup;
			children = (
				B475AFB115AFC41C00A32B43 /* ASINSXMLParserCompat.h */,
				B475AFB215AFC41C00A32B43 /* ASIS3Bucket.h */,
				B475AFB315AFC41C00A32B43 /* ASIS3Bucket.m */,
				B475AFB415AFC41C00A32B43 /* ASIS3BucketObject.h */,
				B475AFB515AFC41C00A32B43 /* ASIS3BucketObject.m */,
				B475AFB615AFC41C00A32B43 /* ASIS3BucketRequest.h */,
				B475AFB715AFC41C00A32B43 /* ASIS3BucketRequest.m */,
				B475AFB815AFC41C00A32B43 /* ASIS3ObjectRequest.h */,
				B475AFB915AFC41C00A32B43 /* ASIS3ObjectRequest.m */,
				B475AFBA15AFC41C00A32B43 /* ASIS3Request.h */,
				B475AFBB15AFC41C00A32B43 /* ASIS3Request.m */,
				B475AFBC15AFC41C00A32B43 /* ASIS3ServiceRequest.h */,
				B475AFBD15AFC41C00A32B43 /* ASIS3ServiceRequest.m */,
			);
			path = S3;
			sourceTree = "<group>";
		};
		B475AFBE15AFC41C00A32B43 /* External */ = {
			isa = PBXGroup;
			children = (
				B475AFBF15AFC41C00A32B43 /* GHUnit */,
				B475AFC115AFC41C00A32B43 /* Reachability */,
			);
			path = External;
			sourceTree = "<group>";
		};
		B475AFBF15AFC41C00A32B43 /* GHUnit */ = {
			isa = PBXGroup;
			children = (
				B475AFC015AFC41C00A32B43 /* README-GHUnit */,
			);
			path = GHUnit;
			sourceTree = "<group>";
		};
		B475AFC115AFC41C00A32B43 /* Reachability */ = {
			isa = PBXGroup;
			children = (
				B475AFC215AFC41C00A32B43 /* Reachability.h */,
				B475AFC315AFC41C00A32B43 /* Reachability.m */,
			);
			path = Reachability;
			sourceTree = "<group>";
		};
		B47637C915AE9A140097BFFD /* JSONKit */ = {
			isa = PBXGroup;
			children = (
				B47637CA15AE9A140097BFFD /* JSONKit.h */,
				B47637CB15AE9A140097BFFD /* JSONKit.m */,
			);
			path = JSONKit;
			sourceTree = "<group>";
		};
/* End PBXGroup section */

/* Begin PBXNativeTarget section */
		3765F2B715A130C100E26785 /* ParkSwap */ = {
			isa = PBXNativeTarget;
			buildConfigurationList = 3765F2D015A130C100E26785 /* Build configuration list for PBXNativeTarget "ParkSwap" */;
			buildPhases = (
				3765F2B415A130C100E26785 /* Sources */,
				3765F2B515A130C100E26785 /* Frameworks */,
				3765F2B615A130C100E26785 /* Resources */,
			);
			buildRules = (
			);
			dependencies = (
			);
			name = ParkSwap;
			productName = ParkSwap;
			productReference = 3765F2B815A130C100E26785 /* ParkSwap.app */;
			productType = "com.apple.product-type.application";
		};
/* End PBXNativeTarget section */

/* Begin PBXProject section */
		3765F2AF15A130C100E26785 /* Project object */ = {
			isa = PBXProject;
			attributes = {
				CLASSPREFIX = ParkSwap;
				LastUpgradeCheck = 0430;
			};
			buildConfigurationList = 3765F2B215A130C100E26785 /* Build configuration list for PBXProject "ParkSwap" */;
			compatibilityVersion = "Xcode 3.2";
			developmentRegion = English;
			hasScannedForEncodings = 0;
			knownRegions = (
				en,
			);
			mainGroup = 3765F2AD15A130C100E26785;
			productRefGroup = 3765F2B915A130C100E26785 /* Products */;
			projectDirPath = "";
			projectRoot = "";
			targets = (
				3765F2B715A130C100E26785 /* ParkSwap */,
			);
		};
/* End PBXProject section */

/* Begin PBXResourcesBuildPhase section */
		3765F2B615A130C100E26785 /* Resources */ = {
			isa = PBXResourcesBuildPhase;
			buildActionMask = 2147483647;
			files = (
				3765F2C715A130C100E26785 /* InfoPlist.strings in Resources */,
				B475AFD915AFC41C00A32B43 /* README-GHUnit in Resources */,
				612BB80C15C355A6006C78CA /* BuyIcon.png in Resources */,
				612BB80E15C356D8006C78CA /* profile_icon.png in Resources */,
				612BB81015C358D7006C78CA /* trolley.png in Resources */,
				612BB81215C35C90006C78CA /* pricetag.png in Resources */,
			);
			runOnlyForDeploymentPostprocessing = 0;
		};
/* End PBXResourcesBuildPhase section */

/* Begin PBXSourcesBuildPhase section */
		3765F2B415A130C100E26785 /* Sources */ = {
			isa = PBXSourcesBuildPhase;
			buildActionMask = 2147483647;
			files = (
				3765F2C915A130C100E26785 /* main.m in Sources */,
				3765F2CD15A130C100E26785 /* ParkSwapAppDelegate.m in Sources */,
				372FB35C15A13A17004B9C89 /* MainViewController.m in Sources */,
				B48AD78C15AC07BA008A8E9B /* MapViewController.m in Sources */,
				B47637E315AE9A140097BFFD /* JSONKit.m in Sources */,
				B475AFC415AFC41C00A32B43 /* ASIAuthenticationDialog.m in Sources */,
				B475AFC515AFC41C00A32B43 /* ASIDataCompressor.m in Sources */,
				B475AFC615AFC41C00A32B43 /* ASIDataDecompressor.m in Sources */,
				B475AFC715AFC41C00A32B43 /* ASIDownloadCache.m in Sources */,
				B475AFC815AFC41C00A32B43 /* ASIFormDataRequest.m in Sources */,
				B475AFC915AFC41C00A32B43 /* ASIHTTPRequest.m in Sources */,
				B475AFCA15AFC41C00A32B43 /* ASIInputStream.m in Sources */,
				B475AFCB15AFC41C00A32B43 /* ASINetworkQueue.m in Sources */,
				B475AFCC15AFC41C00A32B43 /* ASICloudFilesCDNRequest.m in Sources */,
				B475AFCD15AFC41C00A32B43 /* ASICloudFilesContainer.m in Sources */,
				B475AFCE15AFC41C00A32B43 /* ASICloudFilesContainerRequest.m in Sources */,
				B475AFCF15AFC41C00A32B43 /* ASICloudFilesContainerXMLParserDelegate.m in Sources */,
				B475AFD015AFC41C00A32B43 /* ASICloudFilesObject.m in Sources */,
				B475AFD115AFC41C00A32B43 /* ASICloudFilesObjectRequest.m in Sources */,
				B475AFD215AFC41C00A32B43 /* ASICloudFilesRequest.m in Sources */,
				B475AFD315AFC41C00A32B43 /* ASIS3Bucket.m in Sources */,
				B475AFD415AFC41C00A32B43 /* ASIS3BucketObject.m in Sources */,
				B475AFD515AFC41C00A32B43 /* ASIS3BucketRequest.m in Sources */,
				B475AFD615AFC41C00A32B43 /* ASIS3ObjectRequest.m in Sources */,
				B475AFD715AFC41C00A32B43 /* ASIS3Request.m in Sources */,
				B475AFD815AFC41C00A32B43 /* ASIS3ServiceRequest.m in Sources */,
				B475AFDA15AFC41C00A32B43 /* Reachability.m in Sources */,
			);
			runOnlyForDeploymentPostprocessing = 0;
		};
/* End PBXSourcesBuildPhase section */

/* Begin PBXVariantGroup section */
		3765F2C515A130C100E26785 /* InfoPlist.strings */ = {
			isa = PBXVariantGroup;
			children = (
				3765F2C615A130C100E26785 /* en */,
			);
			name = InfoPlist.strings;
			sourceTree = "<group>";
		};
/* End PBXVariantGroup section */

/* Begin XCBuildConfiguration section */
		3765F2CE15A130C100E26785 /* Debug */ = {
			isa = XCBuildConfiguration;
			buildSettings = {
				ALWAYS_SEARCH_USER_PATHS = NO;
				ARCHS = "$(ARCHS_STANDARD_32_BIT)";
				"CODE_SIGN_IDENTITY[sdk=iphoneos*]" = "iPhone Developer";
				COPY_PHASE_STRIP = NO;
				GCC_C_LANGUAGE_STANDARD = gnu99;
				GCC_DYNAMIC_NO_PIC = NO;
				GCC_OPTIMIZATION_LEVEL = 0;
				GCC_PREPROCESSOR_DEFINITIONS = (
					"DEBUG=1",
					"$(inherited)",
				);
				GCC_SYMBOLS_PRIVATE_EXTERN = NO;
				GCC_VERSION = com.apple.compilers.llvm.clang.1_0;
				GCC_WARN_ABOUT_RETURN_TYPE = YES;
				GCC_WARN_UNINITIALIZED_AUTOS = YES;
				GCC_WARN_UNUSED_VARIABLE = YES;
				IPHONEOS_DEPLOYMENT_TARGET = 5.1;
				SDKROOT = iphoneos;
				TARGETED_DEVICE_FAMILY = "1,2";
			};
			name = Debug;
		};
		3765F2CF15A130C100E26785 /* Release */ = {
			isa = XCBuildConfiguration;
			buildSettings = {
				ALWAYS_SEARCH_USER_PATHS = NO;
				ARCHS = "$(ARCHS_STANDARD_32_BIT)";
				"CODE_SIGN_IDENTITY[sdk=iphoneos*]" = "iPhone Developer";
				COPY_PHASE_STRIP = YES;
				GCC_C_LANGUAGE_STANDARD = gnu99;
				GCC_VERSION = com.apple.compilers.llvm.clang.1_0;
				GCC_WARN_ABOUT_RETURN_TYPE = YES;
				GCC_WARN_UNINITIALIZED_AUTOS = YES;
				GCC_WARN_UNUSED_VARIABLE = YES;
				IPHONEOS_DEPLOYMENT_TARGET = 5.1;
				OTHER_CFLAGS = "-DNS_BLOCK_ASSERTIONS=1";
				SDKROOT = iphoneos;
				TARGETED_DEVICE_FAMILY = "1,2";
				VALIDATE_PRODUCT = YES;
			};
			name = Release;
		};
		3765F2D115A130C100E26785 /* Debug */ = {
			isa = XCBuildConfiguration;
			buildSettings = {
				GCC_PRECOMPILE_PREFIX_HEADER = YES;
				GCC_PREFIX_HEADER = "ParkSwap/ParkSwap-Prefix.pch";
				INFOPLIST_FILE = "ParkSwap/ParkSwap-Info.plist";
				PRODUCT_NAME = "$(TARGET_NAME)";
				WRAPPER_EXTENSION = app;
			};
			name = Debug;
		};
		3765F2D215A130C100E26785 /* Release */ = {
			isa = XCBuildConfiguration;
			buildSettings = {
				GCC_PRECOMPILE_PREFIX_HEADER = YES;
				GCC_PREFIX_HEADER = "ParkSwap/ParkSwap-Prefix.pch";
				INFOPLIST_FILE = "ParkSwap/ParkSwap-Info.plist";
				PRODUCT_NAME = "$(TARGET_NAME)";
				WRAPPER_EXTENSION = app;
			};
			name = Release;
		};
/* End XCBuildConfiguration section */

/* Begin XCConfigurationList section */
		3765F2B215A130C100E26785 /* Build configuration list for PBXProject "ParkSwap" */ = {
			isa = XCConfigurationList;
			buildConfigurations = (
				3765F2CE15A130C100E26785 /* Debug */,
				3765F2CF15A130C100E26785 /* Release */,
			);
			defaultConfigurationIsVisible = 0;
			defaultConfigurationName = Release;
		};
		3765F2D015A130C100E26785 /* Build configuration list for PBXNativeTarget "ParkSwap" */ = {
			isa = XCConfigurationList;
			buildConfigurations = (
				3765F2D115A130C100E26785 /* Debug */,
				3765F2D215A130C100E26785 /* Release */,
			);
			defaultConfigurationIsVisible = 0;
			defaultConfigurationName = Release;
		};
/* End XCConfigurationList section */
	};
	rootObject = 3765F2AF15A130C100E26785 /* Project object */;
}
