// !$*UTF8*$!
{
	archiveVersion = 1;
	classes = {
	};
	objectVersion = 46;
	objects = {

/* Begin PBXBuildFile section */
		3765F2BD15A130C100E26785 /* UIKit.framework in Frameworks */ = {isa = PBXBuildFile; fileRef = 3765F2BC15A130C100E26785 /* UIKit.framework */; };
		3765F2BF15A130C100E26785 /* Foundation.framework in Frameworks */ = {isa = PBXBuildFile; fileRef = 3765F2BE15A130C100E26785 /* Foundation.framework */; };
		3765F2C115A130C100E26785 /* CoreGraphics.framework in Frameworks */ = {isa = PBXBuildFile; fileRef = 3765F2C015A130C100E26785 /* CoreGraphics.framework */; };
		3765F2C715A130C100E26785 /* InfoPlist.strings in Resources */ = {isa = PBXBuildFile; fileRef = 3765F2C515A130C100E26785 /* InfoPlist.strings */; };
		3765F2C915A130C100E26785 /* main.m in Sources */ = {isa = PBXBuildFile; fileRef = 3765F2C815A130C100E26785 /* main.m */; };
		3765F2CD15A130C100E26785 /* ParkSwapAppDelegate.m in Sources */ = {isa = PBXBuildFile; fileRef = 3765F2CC15A130C100E26785 /* ParkSwapAppDelegate.m */; };
/* End PBXBuildFile section */

/* Begin PBXFileReference section */
		3765F2B815A130C100E26785 /* ParkSwap.app */ = {isa = PBXFileReference; explicitFileType = wrapper.application; includeInIndex = 0; path = ParkSwap.app; sourceTree = BUILT_PRODUCTS_DIR; };
		3765F2BC15A130C100E26785 /* UIKit.framework */ = {isa = PBXFileReference; lastKnownFileType = wrapper.framework; name = UIKit.framework; path = System/Library/Frameworks/UIKit.framework; sourceTree = SDKROOT; };
		3765F2BE15A130C100E26785 /* Foundation.framework */ = {isa = PBXFileReference; lastKnownFileType = wrapper.framework; name = Foundation.framework; path = System/Library/Frameworks/Foundation.framework; sourceTree = SDKROOT; };
		3765F2C015A130C100E26785 /* CoreGraphics.framework */ = {isa = PBXFileReference; lastKnownFileType = wrapper.framework; name = CoreGraphics.framework; path = System/Library/Frameworks/CoreGraphics.framework; sourceTree = SDKROOT; };
		3765F2C415A130C100E26785 /* ParkSwap-Info.plist */ = {isa = PBXFileReference; lastKnownFileType = text.plist.xml; path = "ParkSwap-Info.plist"; sourceTree = "<group>"; };
		3765F2C615A130C100E26785 /* en */ = {isa = PBXFileReference; lastKnownFileType = text.plist.strings; name = en; path = en.lproj/InfoPlist.strings; sourceTree = "<group>"; };
		3765F2C815A130C100E26785 /* main.m */ = {isa = PBXFileReference; lastKnownFileType = sourcecode.c.objc; path = main.m; sourceTree = "<group>"; };
		3765F2CA15A130C100E26785 /* ParkSwap-Prefix.pch */ = {isa = PBXFileReference; lastKnownFileType = sourcecode.c.h; path = "ParkSwap-Prefix.pch"; sourceTree = "<group>"; };
		3765F2CB15A130C100E26785 /* ParkSwapAppDelegate.h */ = {isa = PBXFileReference; lastKnownFileType = sourcecode.c.h; path = ParkSwapAppDelegate.h; sourceTree = "<group>"; };
		3765F2CC15A130C100E26785 /* ParkSwapAppDelegate.m */ = {isa = PBXFileReference; lastKnownFileType = sourcecode.c.objc; path = ParkSwapAppDelegate.m; sourceTree = "<group>"; };
/* End PBXFileReference section */

/* Begin PBXFrameworksBuildPhase section */
		3765F2B515A130C100E26785 /* Frameworks */ = {
			isa = PBXFrameworksBuildPhase;
			buildActionMask = 2147483647;
			files = (
				3765F2BD15A130C100E26785 /* UIKit.framework in Frameworks */,
				3765F2BF15A130C100E26785 /* Foundation.framework in Frameworks */,
				3765F2C115A130C100E26785 /* CoreGraphics.framework in Frameworks */,
			);
			runOnlyForDeploymentPostprocessing = 0;
		};
/* End PBXFrameworksBuildPhase section */

/* Begin PBXGroup section */
		3765F2AD15A130C100E26785 = {
			isa = PBXGroup;
			children = (
				3765F2C215A130C100E26785 /* ParkSwap */,
				3765F2BB15A130C100E26785 /* Frameworks */,
				3765F2B915A130C100E26785 /* Products */,
			);
			sourceTree = "<group>";
		};
		3765F2B915A130C100E26785 /* Products */ = {
			isa = PBXGroup;
			children = (
				3765F2B815A130C100E26785 /* ParkSwap.app */,
			);
			name = Products;
			sourceTree = "<group>";
		};
		3765F2BB15A130C100E26785 /* Frameworks */ = {
			isa = PBXGroup;
			children = (
				3765F2BC15A130C100E26785 /* UIKit.framework */,
				3765F2BE15A130C100E26785 /* Foundation.framework */,
				3765F2C015A130C100E26785 /* CoreGraphics.framework */,
			);
			name = Frameworks;
			sourceTree = "<group>";
		};
		3765F2C215A130C100E26785 /* ParkSwap */ = {
			isa = PBXGroup;
			children = (
				3765F2CB15A130C100E26785 /* ParkSwapAppDelegate.h */,
				3765F2CC15A130C100E26785 /* ParkSwapAppDelegate.m */,
				3765F2C315A130C100E26785 /* Supporting Files */,
			);
			path = ParkSwap;
			sourceTree = "<group>";
		};
		3765F2C315A130C100E26785 /* Supporting Files */ = {
			isa = PBXGroup;
			children = (
				3765F2C415A130C100E26785 /* ParkSwap-Info.plist */,
				3765F2C515A130C100E26785 /* InfoPlist.strings */,
				3765F2C815A130C100E26785 /* main.m */,
				3765F2CA15A130C100E26785 /* ParkSwap-Prefix.pch */,
			);
			name = "Supporting Files";
			sourceTree = "<group>";
		};
/* End PBXGroup section */

/* Begin PBXNativeTarget section */
		3765F2B715A130C100E26785 /* ParkSwap */ = {
			isa = PBXNativeTarget;
			buildConfigurationList = 3765F2D015A130C100E26785 /* Build configuration list for PBXNativeTarget "ParkSwap" */;
			buildPhases = (
				3765F2B415A130C100E26785 /* Sources */,
				3765F2B515A130C100E26785 /* Frameworks */,
				3765F2B615A130C100E26785 /* Resources */,
			);
			buildRules = (
			);
			dependencies = (
			);
			name = ParkSwap;
			productName = ParkSwap;
			productReference = 3765F2B815A130C100E26785 /* ParkSwap.app */;
			productType = "com.apple.product-type.application";
		};
/* End PBXNativeTarget section */

/* Begin PBXProject section */
		3765F2AF15A130C100E26785 /* Project object */ = {
			isa = PBXProject;
			attributes = {
				CLASSPREFIX = ParkSwap;
				LastUpgradeCheck = 0430;
			};
			buildConfigurationList = 3765F2B215A130C100E26785 /* Build configuration list for PBXProject "ParkSwap" */;
			compatibilityVersion = "Xcode 3.2";
			developmentRegion = English;
			hasScannedForEncodings = 0;
			knownRegions = (
				en,
			);
			mainGroup = 3765F2AD15A130C100E26785;
			productRefGroup = 3765F2B915A130C100E26785 /* Products */;
			projectDirPath = "";
			projectRoot = "";
			targets = (
				3765F2B715A130C100E26785 /* ParkSwap */,
			);
		};
/* End PBXProject section */

/* Begin PBXResourcesBuildPhase section */
		3765F2B615A130C100E26785 /* Resources */ = {
			isa = PBXResourcesBuildPhase;
			buildActionMask = 2147483647;
			files = (
				3765F2C715A130C100E26785 /* InfoPlist.strings in Resources */,
			);
			runOnlyForDeploymentPostprocessing = 0;
		};
/* End PBXResourcesBuildPhase section */

/* Begin PBXSourcesBuildPhase section */
		3765F2B415A130C100E26785 /* Sources */ = {
			isa = PBXSourcesBuildPhase;
			buildActionMask = 2147483647;
			files = (
				3765F2C915A130C100E26785 /* main.m in Sources */,
				3765F2CD15A130C100E26785 /* ParkSwapAppDelegate.m in Sources */,
			);
			runOnlyForDeploymentPostprocessing = 0;
		};
/* End PBXSourcesBuildPhase section */

/* Begin PBXVariantGroup section */
		3765F2C515A130C100E26785 /* InfoPlist.strings */ = {
			isa = PBXVariantGroup;
			children = (
				3765F2C615A130C100E26785 /* en */,
			);
			name = InfoPlist.strings;
			sourceTree = "<group>";
		};
/* End PBXVariantGroup section */

/* Begin XCBuildConfiguration section */
		3765F2CE15A130C100E26785 /* Debug */ = {
			isa = XCBuildConfiguration;
			buildSettings = {
				ALWAYS_SEARCH_USER_PATHS = NO;
				ARCHS = "$(ARCHS_STANDARD_32_BIT)";
				"CODE_SIGN_IDENTITY[sdk=iphoneos*]" = "iPhone Developer";
				COPY_PHASE_STRIP = NO;
				GCC_C_LANGUAGE_STANDARD = gnu99;
				GCC_DYNAMIC_NO_PIC = NO;
				GCC_OPTIMIZATION_LEVEL = 0;
				GCC_PREPROCESSOR_DEFINITIONS = (
					"DEBUG=1",
					"$(inherited)",
				);
				GCC_SYMBOLS_PRIVATE_EXTERN = NO;
				GCC_VERSION = com.apple.compilers.llvm.clang.1_0;
				GCC_WARN_ABOUT_RETURN_TYPE = YES;
				GCC_WARN_UNINITIALIZED_AUTOS = YES;
				GCC_WARN_UNUSED_VARIABLE = YES;
				IPHONEOS_DEPLOYMENT_TARGET = 5.1;
				SDKROOT = iphoneos;
				TARGETED_DEVICE_FAMILY = "1,2";
			};
			name = Debug;
		};
		3765F2CF15A130C100E26785 /* Release */ = {
			isa = XCBuildConfiguration;
			buildSettings = {
				ALWAYS_SEARCH_USER_PATHS = NO;
				ARCHS = "$(ARCHS_STANDARD_32_BIT)";
				"CODE_SIGN_IDENTITY[sdk=iphoneos*]" = "iPhone Developer";
				COPY_PHASE_STRIP = YES;
				GCC_C_LANGUAGE_STANDARD = gnu99;
				GCC_VERSION = com.apple.compilers.llvm.clang.1_0;
				GCC_WARN_ABOUT_RETURN_TYPE = YES;
				GCC_WARN_UNINITIALIZED_AUTOS = YES;
				GCC_WARN_UNUSED_VARIABLE = YES;
				IPHONEOS_DEPLOYMENT_TARGET = 5.1;
				OTHER_CFLAGS = "-DNS_BLOCK_ASSERTIONS=1";
				SDKROOT = iphoneos;
				TARGETED_DEVICE_FAMILY = "1,2";
				VALIDATE_PRODUCT = YES;
			};
			name = Release;
		};
		3765F2D115A130C100E26785 /* Debug */ = {
			isa = XCBuildConfiguration;
			buildSettings = {
				GCC_PRECOMPILE_PREFIX_HEADER = YES;
				GCC_PREFIX_HEADER = "ParkSwap/ParkSwap-Prefix.pch";
				INFOPLIST_FILE = "ParkSwap/ParkSwap-Info.plist";
				PRODUCT_NAME = "$(TARGET_NAME)";
				WRAPPER_EXTENSION = app;
			};
			name = Debug;
		};
		3765F2D215A130C100E26785 /* Release */ = {
			isa = XCBuildConfiguration;
			buildSettings = {
				GCC_PRECOMPILE_PREFIX_HEADER = YES;
				GCC_PREFIX_HEADER = "ParkSwap/ParkSwap-Prefix.pch";
				INFOPLIST_FILE = "ParkSwap/ParkSwap-Info.plist";
				PRODUCT_NAME = "$(TARGET_NAME)";
				WRAPPER_EXTENSION = app;
			};
			name = Release;
		};
/* End XCBuildConfiguration section */

/* Begin XCConfigurationList section */
		3765F2B215A130C100E26785 /* Build configuration list for PBXProject "ParkSwap" */ = {
			isa = XCConfigurationList;
			buildConfigurations = (
				3765F2CE15A130C100E26785 /* Debug */,
				3765F2CF15A130C100E26785 /* Release */,
			);
			defaultConfigurationIsVisible = 0;
			defaultConfigurationName = Release;
		};
		3765F2D015A130C100E26785 /* Build configuration list for PBXNativeTarget "ParkSwap" */ = {
			isa = XCConfigurationList;
			buildConfigurations = (
				3765F2D115A130C100E26785 /* Debug */,
				3765F2D215A130C100E26785 /* Release */,
			);
			defaultConfigurationIsVisible = 0;
		};
/* End XCConfigurationList section */
	};
	rootObject = 3765F2AF15A130C100E26785 /* Project object */;
}
